
Microsoft Visual Studio Solution File, Format Version 12.00
# Visual Studio 15
VisualStudioVersion = 15.0.28307.2092
MinimumVisualStudioVersion = 10.0.40219.1
Project("{FAE04EC0-301F-11D3-BF4B-00C04F79EFBC}") = "turdonusum", "turdonusum\turdonusum.csproj", "{4075C04B-C48F-4813-9FF8-3A4055FA0D06}"
EndProject
Global
	GlobalSection(SolutionConfigurationPlatforms) = preSolution
		Debug|Any CPU = Debug|Any CPU
		Release|Any CPU = Release|Any CPU
	EndGlobalSection
	GlobalSection(ProjectConfigurationPlatforms) = postSolution
		{4075C04B-C48F-4813-9FF8-3A4055FA0D06}.Debug|Any CPU.ActiveCfg = Debug|Any CPU
		{4075C04B-C48F-4813-9FF8-3A4055FA0D06}.Debug|Any CPU.Build.0 = Debug|Any CPU
		{4075C04B-C48F-4813-9FF8-3A4055FA0D06}.Release|Any CPU.ActiveCfg = Release|Any CPU
		{4075C04B-C48F-4813-9FF8-3A4055FA0D06}.Release|Any CPU.Build.0 = Release|Any CPU
	EndGlobalSection
	GlobalSection(SolutionProperties) = preSolution
		HideSolutionNode = FALSE
	EndGlobalSection
	GlobalSection(ExtensibilityGlobals) = postSolution
		SolutionGuid = {A72C70CE-1AC5-4974-B1EA-F725B45E54CB}
	EndGlobalSection
EndGlobal
