
Microsoft Visual Studio Solution File, Format Version 12.00
# Visual Studio 15
VisualStudioVersion = 15.0.28307.2092
MinimumVisualStudioVersion = 10.0.40219.1
Project("{FAE04EC0-301F-11D3-BF4B-00C04F79EFBC}") = "VarsayilanDegerlerGetType", "VarsayilanDegerlerGetType\VarsayilanDegerlerGetType.csproj", "{7C06BB55-5843-4FF3-A11D-4168242231B8}"
EndProject
Global
	GlobalSection(SolutionConfigurationPlatforms) = preSolution
		Debug|Any CPU = Debug|Any CPU
		Release|Any CPU = Release|Any CPU
	EndGlobalSection
	GlobalSection(ProjectConfigurationPlatforms) = postSolution
		{7C06BB55-5843-4FF3-A11D-4168242231B8}.Debug|Any CPU.ActiveCfg = Debug|Any CPU
		{7C06BB55-5843-4FF3-A11D-4168242231B8}.Debug|Any CPU.Build.0 = Debug|Any CPU
		{7C06BB55-5843-4FF3-A11D-4168242231B8}.Release|Any CPU.ActiveCfg = Release|Any CPU
		{7C06BB55-5843-4FF3-A11D-4168242231B8}.Release|Any CPU.Build.0 = Release|Any CPU
	EndGlobalSection
	GlobalSection(SolutionProperties) = preSolution
		HideSolutionNode = FALSE
	EndGlobalSection
	GlobalSection(ExtensibilityGlobals) = postSolution
		SolutionGuid = {161AB194-0EE9-47FA-A24A-DAD0FB0FC077}
	EndGlobalSection
EndGlobal
