
Microsoft Visual Studio Solution File, Format Version 12.00
# Visual Studio 15
VisualStudioVersion = 15.0.28307.2092
MinimumVisualStudioVersion = 10.0.40219.1
Project("{FAE04EC0-301F-11D3-BF4B-00C04F79EFBC}") = "tur_donusumu", "tur_donusumu\tur_donusumu.csproj", "{DC6107C1-30FF-4586-9132-8C8792D1F4AD}"
EndProject
Global
	GlobalSection(SolutionConfigurationPlatforms) = preSolution
		Debug|Any CPU = Debug|Any CPU
		Release|Any CPU = Release|Any CPU
	EndGlobalSection
	GlobalSection(ProjectConfigurationPlatforms) = postSolution
		{DC6107C1-30FF-4586-9132-8C8792D1F4AD}.Debug|Any CPU.ActiveCfg = Debug|Any CPU
		{DC6107C1-30FF-4586-9132-8C8792D1F4AD}.Debug|Any CPU.Build.0 = Debug|Any CPU
		{DC6107C1-30FF-4586-9132-8C8792D1F4AD}.Release|Any CPU.ActiveCfg = Release|Any CPU
		{DC6107C1-30FF-4586-9132-8C8792D1F4AD}.Release|Any CPU.Build.0 = Release|Any CPU
	EndGlobalSection
	GlobalSection(SolutionProperties) = preSolution
		HideSolutionNode = FALSE
	EndGlobalSection
	GlobalSection(ExtensibilityGlobals) = postSolution
		SolutionGuid = {AD435701-AEDE-432C-9388-0E67B76AF0E0}
	EndGlobalSection
EndGlobal
