
Microsoft Visual Studio Solution File, Format Version 12.00
# Visual Studio 15
VisualStudioVersion = 15.0.28307.2092
MinimumVisualStudioVersion = 10.0.40219.1
Project("{FAE04EC0-301F-11D3-BF4B-00C04F79EFBC}") = "convert_metodu", "convert_metodu\convert_metodu.csproj", "{ECD984D9-DBE1-4DD8-8C8B-A41997EE9DC6}"
EndProject
Global
	GlobalSection(SolutionConfigurationPlatforms) = preSolution
		Debug|Any CPU = Debug|Any CPU
		Release|Any CPU = Release|Any CPU
	EndGlobalSection
	GlobalSection(ProjectConfigurationPlatforms) = postSolution
		{ECD984D9-DBE1-4DD8-8C8B-A41997EE9DC6}.Debug|Any CPU.ActiveCfg = Debug|Any CPU
		{ECD984D9-DBE1-4DD8-8C8B-A41997EE9DC6}.Debug|Any CPU.Build.0 = Debug|Any CPU
		{ECD984D9-DBE1-4DD8-8C8B-A41997EE9DC6}.Release|Any CPU.ActiveCfg = Release|Any CPU
		{ECD984D9-DBE1-4DD8-8C8B-A41997EE9DC6}.Release|Any CPU.Build.0 = Release|Any CPU
	EndGlobalSection
	GlobalSection(SolutionProperties) = preSolution
		HideSolutionNode = FALSE
	EndGlobalSection
	GlobalSection(ExtensibilityGlobals) = postSolution
		SolutionGuid = {9B5A97A5-1464-439E-930D-025975D141A6}
	EndGlobalSection
EndGlobal
