
Microsoft Visual Studio Solution File, Format Version 12.00
# Visual Studio 15
VisualStudioVersion = 15.0.28307.2092
MinimumVisualStudioVersion = 10.0.40219.1
Project("{FAE04EC0-301F-11D3-BF4B-00C04F79EFBC}") = "otomatik_tip", "otomatik_tip\otomatik_tip.csproj", "{60473357-8EC0-4426-AA8A-67C9C57BB023}"
EndProject
Global
	GlobalSection(SolutionConfigurationPlatforms) = preSolution
		Debug|Any CPU = Debug|Any CPU
		Release|Any CPU = Release|Any CPU
	EndGlobalSection
	GlobalSection(ProjectConfigurationPlatforms) = postSolution
		{60473357-8EC0-4426-AA8A-67C9C57BB023}.Debug|Any CPU.ActiveCfg = Debug|Any CPU
		{60473357-8EC0-4426-AA8A-67C9C57BB023}.Debug|Any CPU.Build.0 = Debug|Any CPU
		{60473357-8EC0-4426-AA8A-67C9C57BB023}.Release|Any CPU.ActiveCfg = Release|Any CPU
		{60473357-8EC0-4426-AA8A-67C9C57BB023}.Release|Any CPU.Build.0 = Release|Any CPU
	EndGlobalSection
	GlobalSection(SolutionProperties) = preSolution
		HideSolutionNode = FALSE
	EndGlobalSection
	GlobalSection(ExtensibilityGlobals) = postSolution
		SolutionGuid = {D69A986D-C1FF-40B2-98ED-3BD9F63DC8F8}
	EndGlobalSection
EndGlobal
