
Microsoft Visual Studio Solution File, Format Version 12.00
# Visual Studio 15
VisualStudioVersion = 15.0.28307.2092
MinimumVisualStudioVersion = 10.0.40219.1
Project("{FAE04EC0-301F-11D3-BF4B-00C04F79EFBC}") = "tur_donusumu2", "tur_donusumu2\tur_donusumu2.csproj", "{AAD73424-5AF7-452E-8521-23A422CEE62A}"
EndProject
Global
	GlobalSection(SolutionConfigurationPlatforms) = preSolution
		Debug|Any CPU = Debug|Any CPU
		Release|Any CPU = Release|Any CPU
	EndGlobalSection
	GlobalSection(ProjectConfigurationPlatforms) = postSolution
		{AAD73424-5AF7-452E-8521-23A422CEE62A}.Debug|Any CPU.ActiveCfg = Debug|Any CPU
		{AAD73424-5AF7-452E-8521-23A422CEE62A}.Debug|Any CPU.Build.0 = Debug|Any CPU
		{AAD73424-5AF7-452E-8521-23A422CEE62A}.Release|Any CPU.ActiveCfg = Release|Any CPU
		{AAD73424-5AF7-452E-8521-23A422CEE62A}.Release|Any CPU.Build.0 = Release|Any CPU
	EndGlobalSection
	GlobalSection(SolutionProperties) = preSolution
		HideSolutionNode = FALSE
	EndGlobalSection
	GlobalSection(ExtensibilityGlobals) = postSolution
		SolutionGuid = {8DF315EE-EF68-4C0C-884B-BF8D4AE3EADB}
	EndGlobalSection
EndGlobal
