
Microsoft Visual Studio Solution File, Format Version 12.00
# Visual Studio 15
VisualStudioVersion = 15.0.28307.2092
MinimumVisualStudioVersion = 10.0.40219.1
Project("{FAE04EC0-301F-11D3-BF4B-00C04F79EFBC}") = "Uygulama2", "Uygulama2\Uygulama2.csproj", "{51CA9FF9-D5F0-4AC9-B6CA-4376338BDB33}"
EndProject
Global
	GlobalSection(SolutionConfigurationPlatforms) = preSolution
		Debug|Any CPU = Debug|Any CPU
		Release|Any CPU = Release|Any CPU
	EndGlobalSection
	GlobalSection(ProjectConfigurationPlatforms) = postSolution
		{51CA9FF9-D5F0-4AC9-B6CA-4376338BDB33}.Debug|Any CPU.ActiveCfg = Debug|Any CPU
		{51CA9FF9-D5F0-4AC9-B6CA-4376338BDB33}.Debug|Any CPU.Build.0 = Debug|Any CPU
		{51CA9FF9-D5F0-4AC9-B6CA-4376338BDB33}.Release|Any CPU.ActiveCfg = Release|Any CPU
		{51CA9FF9-D5F0-4AC9-B6CA-4376338BDB33}.Release|Any CPU.Build.0 = Release|Any CPU
	EndGlobalSection
	GlobalSection(SolutionProperties) = preSolution
		HideSolutionNode = FALSE
	EndGlobalSection
	GlobalSection(ExtensibilityGlobals) = postSolution
		SolutionGuid = {315663DF-36A5-4440-8C7E-FAA0D7C82CA0}
	EndGlobalSection
EndGlobal
